{
  "name": "@tinypudding/firebase-clock-database",
  "version": "1.0.1",
  "lockfileVersion": 1,
  "requires": true,
  "dependencies": {
    "@tinypudding/puddy-lib": {
      "version": "1.0.0",
      "resolved": "https://registry.npmjs.org/@tinypudding/puddy-lib/-/puddy-lib-1.0.0.tgz",
      "integrity": "sha512-zTWgfOZoj/4BF/0LNEvlmFpgavkqZvFx+miT2o173FQyoeqpDfwySwy25niMFSz4urOSnVx1xhdht0QlfjNMMA=="
    },
    "array-uniq": {
      "version": "2.1.0",
      "resolved": "https://registry.npmjs.org/array-uniq/-/array-uniq-2.1.0.tgz",
      "integrity": "sha512-bdHxtev7FN6+MXI1YFW0Q8mQ8dTJc2S8AMfju+ZR77pbg2yAdVyDlwkaUI7Har0LyOMRFPHrJ9lYdyjZZswdlQ=="
    },
    "clone": {
      "version": "2.1.2",
      "resolved": "https://registry.npmjs.org/clone/-/clone-2.1.2.tgz",
      "integrity": "sha1-G39Ln1kfHo+DZwQBYANFoCiHQ18="
    },
    "for-promise": {
      "version": "1.2.5",
      "resolved": "https://registry.npmjs.org/for-promise/-/for-promise-1.2.5.tgz",
      "integrity": "sha512-VbbkD45hFJxY8PlXQkU1hK7LWjk02SjgJ6f6yGfjvWrIYcu9f9T2/uLfCPcLotTylLeMMgKlN3JlWkoj2ublKg=="
    },
    "lodash": {
      "version": "4.17.20",
      "resolved": "https://registry.npmjs.org/lodash/-/lodash-4.17.20.tgz",
      "integrity": "sha512-PlhdFcillOINfeV7Ni6oF1TAEayyZBoZ8bcshTHqOYJYlrqzRK5hagpagky5o4HfCzzd1TRkXPMFq6cKk9rGmA=="
    },
    "moment": {
      "version": "2.29.1",
      "resolved": "https://registry.npmjs.org/moment/-/moment-2.29.1.tgz",
      "integrity": "sha512-kHmoybcPV8Sqy59DwNDY3Jefr64lK/by/da0ViFcuA4DH0vQg5Q6Ze5VimxkfQNSC+Mls/Kx53s7TjP1RhFEDQ=="
    },
    "moment-timezone": {
      "version": "0.5.32",
      "resolved": "https://registry.npmjs.org/moment-timezone/-/moment-timezone-0.5.32.tgz",
      "integrity": "sha512-Z8QNyuQHQAmWucp8Knmgei8YNo28aLjJq6Ma+jy1ZSpSk5nyfRT8xgUbSQvD2+2UajISfenndwvFuH3NGS+nvA==",
      "requires": {
        "moment": ">= 2.9.0"
      }
    }
  }
}
